
Microsoft Visual Studio Solution File, Format Version 9.00
# Visual Studio 2005
Project("{FAE04EC0-301F-11D3-BF4B-00C04F79EFBC}") = "BTSCustomMapDebugEngine", "BTSCustomMapDebugEngine\BTSCustomMapDebugEngine.csproj", "{2DFFDC7F-2BC8-4872-91F5-85CC55034D40}"
EndProject
Global
	GlobalSection(TeamFoundationVersionControl) = preSolution
		SccNumberOfProjects = 2
		SccEnterpriseProvider = {4CA58AB2-18FA-4F8D-95D4-32DDF27D184C}
		SccTeamFoundationServer = http://source.intel.com:8080/
		SccLocalPath0 = .
		SccProjectUniqueName1 = BTSCustomMapDebugEngine\\BTSCustomMapDebugEngine.csproj
		SccProjectName1 = BTSCustomMapDebugEngine
		SccLocalPath1 = BTSCustomMapDebugEngine
	EndGlobalSection
	GlobalSection(SolutionConfigurationPlatforms) = preSolution
		Debug|Any CPU = Debug|Any CPU
		Release|Any CPU = Release|Any CPU
	EndGlobalSection
	GlobalSection(ProjectConfigurationPlatforms) = postSolution
		{2DFFDC7F-2BC8-4872-91F5-85CC55034D40}.Debug|Any CPU.ActiveCfg = Debug|Any CPU
		{2DFFDC7F-2BC8-4872-91F5-85CC55034D40}.Debug|Any CPU.Build.0 = Debug|Any CPU
		{2DFFDC7F-2BC8-4872-91F5-85CC55034D40}.Release|Any CPU.ActiveCfg = Release|Any CPU
		{2DFFDC7F-2BC8-4872-91F5-85CC55034D40}.Release|Any CPU.Build.0 = Release|Any CPU
	EndGlobalSection
	GlobalSection(SolutionProperties) = preSolution
		HideSolutionNode = FALSE
	EndGlobalSection
EndGlobal
